// !$*UTF8*$!
{
	archiveVersion = 1;
	classes = {
	};
	objectVersion = 55;
	objects = {

/* Begin PBXBuildFile section */
		B688C25828C8C2560037885B /* MaPalsApp.swift in Sources */ = {isa = PBXBuildFile; fileRef = B688C25728C8C2560037885B /* MaPalsApp.swift */; };
		B688C25A28C8C2560037885B /* ContentView.swift in Sources */ = {isa = PBXBuildFile; fileRef = B688C25928C8C2560037885B /* ContentView.swift */; };
		B688C25C28C8C2580037885B /* Assets.xcassets in Resources */ = {isa = PBXBuildFile; fileRef = B688C25B28C8C2580037885B /* Assets.xcassets */; };
		B688C25F28C8C2580037885B /* Preview Assets.xcassets in Resources */ = {isa = PBXBuildFile; fileRef = B688C25E28C8C2580037885B /* Preview Assets.xcassets */; };
		B688C26728C8D3560037885B /* FirebaseAnalytics in Frameworks */ = {isa = PBXBuildFile; productRef = B688C26628C8D3560037885B /* FirebaseAnalytics */; };
		B688C26928C8D3560037885B /* FirebaseAnalyticsOnDeviceConversion in Frameworks */ = {isa = PBXBuildFile; productRef = B688C26828C8D3560037885B /* FirebaseAnalyticsOnDeviceConversion */; };
		B688C26B28C8D3560037885B /* FirebaseAnalyticsSwift in Frameworks */ = {isa = PBXBuildFile; productRef = B688C26A28C8D3560037885B /* FirebaseAnalyticsSwift */; };
		B688C26D28C8D3560037885B /* FirebaseAnalyticsWithoutAdIdSupport in Frameworks */ = {isa = PBXBuildFile; productRef = B688C26C28C8D3560037885B /* FirebaseAnalyticsWithoutAdIdSupport */; };
		B688C26F28C8D3560037885B /* FirebaseAppCheck in Frameworks */ = {isa = PBXBuildFile; productRef = B688C26E28C8D3560037885B /* FirebaseAppCheck */; };
		B688C27128C8D3560037885B /* FirebaseAppDistribution-Beta in Frameworks */ = {isa = PBXBuildFile; productRef = B688C27028C8D3560037885B /* FirebaseAppDistribution-Beta */; };
		B688C27328C8D3560037885B /* FirebaseAuth in Frameworks */ = {isa = PBXBuildFile; productRef = B688C27228C8D3560037885B /* FirebaseAuth */; };
		B688C27528C8D3560037885B /* FirebaseAuthCombine-Community in Frameworks */ = {isa = PBXBuildFile; productRef = B688C27428C8D3560037885B /* FirebaseAuthCombine-Community */; };
		B688C27728C8D3560037885B /* FirebaseCrashlytics in Frameworks */ = {isa = PBXBuildFile; productRef = B688C27628C8D3560037885B /* FirebaseCrashlytics */; };
		B688C27928C8D3560037885B /* FirebaseDatabase in Frameworks */ = {isa = PBXBuildFile; productRef = B688C27828C8D3560037885B /* FirebaseDatabase */; };
		B688C27B28C8D3560037885B /* FirebaseDatabaseSwift in Frameworks */ = {isa = PBXBuildFile; productRef = B688C27A28C8D3560037885B /* FirebaseDatabaseSwift */; };
		B688C27D28C8D3560037885B /* FirebaseDynamicLinks in Frameworks */ = {isa = PBXBuildFile; productRef = B688C27C28C8D3560037885B /* FirebaseDynamicLinks */; };
		B688C27F28C8D3560037885B /* FirebaseFirestore in Frameworks */ = {isa = PBXBuildFile; productRef = B688C27E28C8D3560037885B /* FirebaseFirestore */; };
		B688C28128C8D3560037885B /* FirebaseFirestoreCombine-Community in Frameworks */ = {isa = PBXBuildFile; productRef = B688C28028C8D3560037885B /* FirebaseFirestoreCombine-Community */; };
		B688C28328C8D3560037885B /* FirebaseFirestoreSwift in Frameworks */ = {isa = PBXBuildFile; productRef = B688C28228C8D3560037885B /* FirebaseFirestoreSwift */; };
		B688C28528C8D3560037885B /* FirebaseFunctions in Frameworks */ = {isa = PBXBuildFile; productRef = B688C28428C8D3560037885B /* FirebaseFunctions */; };
		B688C28728C8D3560037885B /* FirebaseFunctionsCombine-Community in Frameworks */ = {isa = PBXBuildFile; productRef = B688C28628C8D3560037885B /* FirebaseFunctionsCombine-Community */; };
		B688C28928C8D3560037885B /* FirebaseInAppMessaging-Beta in Frameworks */ = {isa = PBXBuildFile; productRef = B688C28828C8D3560037885B /* FirebaseInAppMessaging-Beta */; };
		B688C28B28C8D3560037885B /* FirebaseInAppMessagingSwift-Beta in Frameworks */ = {isa = PBXBuildFile; productRef = B688C28A28C8D3560037885B /* FirebaseInAppMessagingSwift-Beta */; };
		B688C28D28C8D3560037885B /* FirebaseInstallations in Frameworks */ = {isa = PBXBuildFile; productRef = B688C28C28C8D3560037885B /* FirebaseInstallations */; };
		B688C28F28C8D3560037885B /* FirebaseMLModelDownloader in Frameworks */ = {isa = PBXBuildFile; productRef = B688C28E28C8D3560037885B /* FirebaseMLModelDownloader */; };
		B688C29128C8D3560037885B /* FirebaseMessaging in Frameworks */ = {isa = PBXBuildFile; productRef = B688C29028C8D3560037885B /* FirebaseMessaging */; };
		B688C29328C8D3560037885B /* FirebasePerformance in Frameworks */ = {isa = PBXBuildFile; productRef = B688C29228C8D3560037885B /* FirebasePerformance */; };
		B688C29528C8D3560037885B /* FirebaseRemoteConfig in Frameworks */ = {isa = PBXBuildFile; productRef = B688C29428C8D3560037885B /* FirebaseRemoteConfig */; };
		B688C29728C8D3560037885B /* FirebaseRemoteConfigSwift in Frameworks */ = {isa = PBXBuildFile; productRef = B688C29628C8D3560037885B /* FirebaseRemoteConfigSwift */; };
		B688C29928C8D3560037885B /* FirebaseStorage in Frameworks */ = {isa = PBXBuildFile; productRef = B688C29828C8D3560037885B /* FirebaseStorage */; };
		B688C29B28C8D3560037885B /* FirebaseStorageCombine-Community in Frameworks */ = {isa = PBXBuildFile; productRef = B688C29A28C8D3560037885B /* FirebaseStorageCombine-Community */; };
/* End PBXBuildFile section */

/* Begin PBXFileReference section */
		B688C25428C8C2560037885B /* MaPals.app */ = {isa = PBXFileReference; explicitFileType = wrapper.application; includeInIndex = 0; path = MaPals.app; sourceTree = BUILT_PRODUCTS_DIR; };
		B688C25728C8C2560037885B /* MaPalsApp.swift */ = {isa = PBXFileReference; lastKnownFileType = sourcecode.swift; path = MaPalsApp.swift; sourceTree = "<group>"; };
		B688C25928C8C2560037885B /* ContentView.swift */ = {isa = PBXFileReference; lastKnownFileType = sourcecode.swift; path = ContentView.swift; sourceTree = "<group>"; };
		B688C25B28C8C2580037885B /* Assets.xcassets */ = {isa = PBXFileReference; lastKnownFileType = folder.assetcatalog; path = Assets.xcassets; sourceTree = "<group>"; };
		B688C25E28C8C2580037885B /* Preview Assets.xcassets */ = {isa = PBXFileReference; lastKnownFileType = folder.assetcatalog; path = "Preview Assets.xcassets"; sourceTree = "<group>"; };
/* End PBXFileReference section */

/* Begin PBXFrameworksBuildPhase section */
		B688C25128C8C2560037885B /* Frameworks */ = {
			isa = PBXFrameworksBuildPhase;
			buildActionMask = 2147483647;
			files = (
				B688C27928C8D3560037885B /* FirebaseDatabase in Frameworks */,
				B688C28728C8D3560037885B /* FirebaseFunctionsCombine-Community in Frameworks */,
				B688C27F28C8D3560037885B /* FirebaseFirestore in Frameworks */,
				B688C26B28C8D3560037885B /* FirebaseAnalyticsSwift in Frameworks */,
				B688C26728C8D3560037885B /* FirebaseAnalytics in Frameworks */,
				B688C26928C8D3560037885B /* FirebaseAnalyticsOnDeviceConversion in Frameworks */,
				B688C28F28C8D3560037885B /* FirebaseMLModelDownloader in Frameworks */,
				B688C28328C8D3560037885B /* FirebaseFirestoreSwift in Frameworks */,
				B688C26F28C8D3560037885B /* FirebaseAppCheck in Frameworks */,
				B688C26D28C8D3560037885B /* FirebaseAnalyticsWithoutAdIdSupport in Frameworks */,
				B688C27328C8D3560037885B /* FirebaseAuth in Frameworks */,
				B688C27728C8D3560037885B /* FirebaseCrashlytics in Frameworks */,
				B688C29728C8D3560037885B /* FirebaseRemoteConfigSwift in Frameworks */,
				B688C28928C8D3560037885B /* FirebaseInAppMessaging-Beta in Frameworks */,
				B688C27B28C8D3560037885B /* FirebaseDatabaseSwift in Frameworks */,
				B688C28528C8D3560037885B /* FirebaseFunctions in Frameworks */,
				B688C29B28C8D3560037885B /* FirebaseStorageCombine-Community in Frameworks */,
				B688C29528C8D3560037885B /* FirebaseRemoteConfig in Frameworks */,
				B688C27128C8D3560037885B /* FirebaseAppDistribution-Beta in Frameworks */,
				B688C27528C8D3560037885B /* FirebaseAuthCombine-Community in Frameworks */,
				B688C29328C8D3560037885B /* FirebasePerformance in Frameworks */,
				B688C28B28C8D3560037885B /* FirebaseInAppMessagingSwift-Beta in Frameworks */,
				B688C29928C8D3560037885B /* FirebaseStorage in Frameworks */,
				B688C27D28C8D3560037885B /* FirebaseDynamicLinks in Frameworks */,
				B688C28128C8D3560037885B /* FirebaseFirestoreCombine-Community in Frameworks */,
				B688C29128C8D3560037885B /* FirebaseMessaging in Frameworks */,
				B688C28D28C8D3560037885B /* FirebaseInstallations in Frameworks */,
			);
			runOnlyForDeploymentPostprocessing = 0;
		};
/* End PBXFrameworksBuildPhase section */

/* Begin PBXGroup section */
		B688C24B28C8C2560037885B = {
			isa = PBXGroup;
			children = (
				B688C25628C8C2560037885B /* MaPals */,
				B688C25528C8C2560037885B /* Products */,
			);
			sourceTree = "<group>";
		};
		B688C25528C8C2560037885B /* Products */ = {
			isa = PBXGroup;
			children = (
				B688C25428C8C2560037885B /* MaPals.app */,
			);
			name = Products;
			sourceTree = "<group>";
		};
		B688C25628C8C2560037885B /* MaPals */ = {
			isa = PBXGroup;
			children = (
				B688C25728C8C2560037885B /* MaPalsApp.swift */,
				B688C25928C8C2560037885B /* ContentView.swift */,
				B688C25B28C8C2580037885B /* Assets.xcassets */,
				B688C25D28C8C2580037885B /* Preview Content */,
			);
			path = MaPals;
			sourceTree = "<group>";
		};
		B688C25D28C8C2580037885B /* Preview Content */ = {
			isa = PBXGroup;
			children = (
				B688C25E28C8C2580037885B /* Preview Assets.xcassets */,
			);
			path = "Preview Content";
			sourceTree = "<group>";
		};
/* End PBXGroup section */

/* Begin PBXNativeTarget section */
		B688C25328C8C2560037885B /* MaPals */ = {
			isa = PBXNativeTarget;
			buildConfigurationList = B688C26228C8C2580037885B /* Build configuration list for PBXNativeTarget "MaPals" */;
			buildPhases = (
				B688C25028C8C2560037885B /* Sources */,
				B688C25128C8C2560037885B /* Frameworks */,
				B688C25228C8C2560037885B /* Resources */,
			);
			buildRules = (
			);
			dependencies = (
			);
			name = MaPals;
			packageProductDependencies = (
				B688C26628C8D3560037885B /* FirebaseAnalytics */,
				B688C26828C8D3560037885B /* FirebaseAnalyticsOnDeviceConversion */,
				B688C26A28C8D3560037885B /* FirebaseAnalyticsSwift */,
				B688C26C28C8D3560037885B /* FirebaseAnalyticsWithoutAdIdSupport */,
				B688C26E28C8D3560037885B /* FirebaseAppCheck */,
				B688C27028C8D3560037885B /* FirebaseAppDistribution-Beta */,
				B688C27228C8D3560037885B /* FirebaseAuth */,
				B688C27428C8D3560037885B /* FirebaseAuthCombine-Community */,
				B688C27628C8D3560037885B /* FirebaseCrashlytics */,
				B688C27828C8D3560037885B /* FirebaseDatabase */,
				B688C27A28C8D3560037885B /* FirebaseDatabaseSwift */,
				B688C27C28C8D3560037885B /* FirebaseDynamicLinks */,
				B688C27E28C8D3560037885B /* FirebaseFirestore */,
				B688C28028C8D3560037885B /* FirebaseFirestoreCombine-Community */,
				B688C28228C8D3560037885B /* FirebaseFirestoreSwift */,
				B688C28428C8D3560037885B /* FirebaseFunctions */,
				B688C28628C8D3560037885B /* FirebaseFunctionsCombine-Community */,
				B688C28828C8D3560037885B /* FirebaseInAppMessaging-Beta */,
				B688C28A28C8D3560037885B /* FirebaseInAppMessagingSwift-Beta */,
				B688C28C28C8D3560037885B /* FirebaseInstallations */,
				B688C28E28C8D3560037885B /* FirebaseMLModelDownloader */,
				B688C29028C8D3560037885B /* FirebaseMessaging */,
				B688C29228C8D3560037885B /* FirebasePerformance */,
				B688C29428C8D3560037885B /* FirebaseRemoteConfig */,
				B688C29628C8D3560037885B /* FirebaseRemoteConfigSwift */,
				B688C29828C8D3560037885B /* FirebaseStorage */,
				B688C29A28C8D3560037885B /* FirebaseStorageCombine-Community */,
			);
			productName = MaPals;
			productReference = B688C25428C8C2560037885B /* MaPals.app */;
			productType = "com.apple.product-type.application";
		};
/* End PBXNativeTarget section */

/* Begin PBXProject section */
		B688C24C28C8C2560037885B /* Project object */ = {
			isa = PBXProject;
			attributes = {
				BuildIndependentTargetsInParallel = 1;
				LastSwiftUpdateCheck = 1340;
				LastUpgradeCheck = 1340;
				TargetAttributes = {
					B688C25328C8C2560037885B = {
						CreatedOnToolsVersion = 13.4.1;
					};
				};
			};
			buildConfigurationList = B688C24F28C8C2560037885B /* Build configuration list for PBXProject "MaPals" */;
			compatibilityVersion = "Xcode 13.0";
			developmentRegion = en;
			hasScannedForEncodings = 0;
			knownRegions = (
				en,
				Base,
			);
			mainGroup = B688C24B28C8C2560037885B;
			packageReferences = (
				B688C26528C8D3560037885B /* XCRemoteSwiftPackageReference "firebase-ios-sdk" */,
			);
			productRefGroup = B688C25528C8C2560037885B /* Products */;
			projectDirPath = "";
			projectRoot = "";
			targets = (
				B688C25328C8C2560037885B /* MaPals */,
			);
		};
/* End PBXProject section */

/* Begin PBXResourcesBuildPhase section */
		B688C25228C8C2560037885B /* Resources */ = {
			isa = PBXResourcesBuildPhase;
			buildActionMask = 2147483647;
			files = (
				B688C25F28C8C2580037885B /* Preview Assets.xcassets in Resources */,
				B688C25C28C8C2580037885B /* Assets.xcassets in Resources */,
			);
			runOnlyForDeploymentPostprocessing = 0;
		};
/* End PBXResourcesBuildPhase section */

/* Begin PBXSourcesBuildPhase section */
		B688C25028C8C2560037885B /* Sources */ = {
			isa = PBXSourcesBuildPhase;
			buildActionMask = 2147483647;
			files = (
				B688C25A28C8C2560037885B /* ContentView.swift in Sources */,
				B688C25828C8C2560037885B /* MaPalsApp.swift in Sources */,
			);
			runOnlyForDeploymentPostprocessing = 0;
		};
/* End PBXSourcesBuildPhase section */

/* Begin XCBuildConfiguration section */
		B688C26028C8C2580037885B /* Debug */ = {
			isa = XCBuildConfiguration;
			buildSettings = {
				ALWAYS_SEARCH_USER_PATHS = NO;
				CLANG_ANALYZER_NONNULL = YES;
				CLANG_ANALYZER_NUMBER_OBJECT_CONVERSION = YES_AGGRESSIVE;
				CLANG_CXX_LANGUAGE_STANDARD = "gnu++17";
				CLANG_ENABLE_MODULES = YES;
				CLANG_ENABLE_OBJC_ARC = YES;
				CLANG_ENABLE_OBJC_WEAK = YES;
				CLANG_WARN_BLOCK_CAPTURE_AUTORELEASING = YES;
				CLANG_WARN_BOOL_CONVERSION = YES;
				CLANG_WARN_COMMA = YES;
				CLANG_WARN_CONSTANT_CONVERSION = YES;
				CLANG_WARN_DEPRECATED_OBJC_IMPLEMENTATIONS = YES;
				CLANG_WARN_DIRECT_OBJC_ISA_USAGE = YES_ERROR;
				CLANG_WARN_DOCUMENTATION_COMMENTS = YES;
				CLANG_WARN_EMPTY_BODY = YES;
				CLANG_WARN_ENUM_CONVERSION = YES;
				CLANG_WARN_INFINITE_RECURSION = YES;
				CLANG_WARN_INT_CONVERSION = YES;
				CLANG_WARN_NON_LITERAL_NULL_CONVERSION = YES;
				CLANG_WARN_OBJC_IMPLICIT_RETAIN_SELF = YES;
				CLANG_WARN_OBJC_LITERAL_CONVERSION = YES;
				CLANG_WARN_OBJC_ROOT_CLASS = YES_ERROR;
				CLANG_WARN_QUOTED_INCLUDE_IN_FRAMEWORK_HEADER = YES;
				CLANG_WARN_RANGE_LOOP_ANALYSIS = YES;
				CLANG_WARN_STRICT_PROTOTYPES = YES;
				CLANG_WARN_SUSPICIOUS_MOVE = YES;
				CLANG_WARN_UNGUARDED_AVAILABILITY = YES_AGGRESSIVE;
				CLANG_WARN_UNREACHABLE_CODE = YES;
				CLANG_WARN__DUPLICATE_METHOD_MATCH = YES;
				COPY_PHASE_STRIP = NO;
				DEBUG_INFORMATION_FORMAT = dwarf;
				ENABLE_STRICT_OBJC_MSGSEND = YES;
				ENABLE_TESTABILITY = YES;
				GCC_C_LANGUAGE_STANDARD = gnu11;
				GCC_DYNAMIC_NO_PIC = NO;
				GCC_NO_COMMON_BLOCKS = YES;
				GCC_OPTIMIZATION_LEVEL = 0;
				GCC_PREPROCESSOR_DEFINITIONS = (
					"DEBUG=1",
					"$(inherited)",
				);
				GCC_WARN_64_TO_32_BIT_CONVERSION = YES;
				GCC_WARN_ABOUT_RETURN_TYPE = YES_ERROR;
				GCC_WARN_UNDECLARED_SELECTOR = YES;
				GCC_WARN_UNINITIALIZED_AUTOS = YES_AGGRESSIVE;
				GCC_WARN_UNUSED_FUNCTION = YES;
				GCC_WARN_UNUSED_VARIABLE = YES;
				IPHONEOS_DEPLOYMENT_TARGET = 15.5;
				MTL_ENABLE_DEBUG_INFO = INCLUDE_SOURCE;
				MTL_FAST_MATH = YES;
				ONLY_ACTIVE_ARCH = YES;
				SDKROOT = iphoneos;
				SWIFT_ACTIVE_COMPILATION_CONDITIONS = DEBUG;
				SWIFT_OPTIMIZATION_LEVEL = "-Onone";
			};
			name = Debug;
		};
		B688C26128C8C2580037885B /* Release */ = {
			isa = XCBuildConfiguration;
			buildSettings = {
				ALWAYS_SEARCH_USER_PATHS = NO;
				CLANG_ANALYZER_NONNULL = YES;
				CLANG_ANALYZER_NUMBER_OBJECT_CONVERSION = YES_AGGRESSIVE;
				CLANG_CXX_LANGUAGE_STANDARD = "gnu++17";
				CLANG_ENABLE_MODULES = YES;
				CLANG_ENABLE_OBJC_ARC = YES;
				CLANG_ENABLE_OBJC_WEAK = YES;
				CLANG_WARN_BLOCK_CAPTURE_AUTORELEASING = YES;
				CLANG_WARN_BOOL_CONVERSION = YES;
				CLANG_WARN_COMMA = YES;
				CLANG_WARN_CONSTANT_CONVERSION = YES;
				CLANG_WARN_DEPRECATED_OBJC_IMPLEMENTATIONS = YES;
				CLANG_WARN_DIRECT_OBJC_ISA_USAGE = YES_ERROR;
				CLANG_WARN_DOCUMENTATION_COMMENTS = YES;
				CLANG_WARN_EMPTY_BODY = YES;
				CLANG_WARN_ENUM_CONVERSION = YES;
				CLANG_WARN_INFINITE_RECURSION = YES;
				CLANG_WARN_INT_CONVERSION = YES;
				CLANG_WARN_NON_LITERAL_NULL_CONVERSION = YES;
				CLANG_WARN_OBJC_IMPLICIT_RETAIN_SELF = YES;
				CLANG_WARN_OBJC_LITERAL_CONVERSION = YES;
				CLANG_WARN_OBJC_ROOT_CLASS = YES_ERROR;
				CLANG_WARN_QUOTED_INCLUDE_IN_FRAMEWORK_HEADER = YES;
				CLANG_WARN_RANGE_LOOP_ANALYSIS = YES;
				CLANG_WARN_STRICT_PROTOTYPES = YES;
				CLANG_WARN_SUSPICIOUS_MOVE = YES;
				CLANG_WARN_UNGUARDED_AVAILABILITY = YES_AGGRESSIVE;
				CLANG_WARN_UNREACHABLE_CODE = YES;
				CLANG_WARN__DUPLICATE_METHOD_MATCH = YES;
				COPY_PHASE_STRIP = NO;
				DEBUG_INFORMATION_FORMAT = "dwarf-with-dsym";
				ENABLE_NS_ASSERTIONS = NO;
				ENABLE_STRICT_OBJC_MSGSEND = YES;
				GCC_C_LANGUAGE_STANDARD = gnu11;
				GCC_NO_COMMON_BLOCKS = YES;
				GCC_WARN_64_TO_32_BIT_CONVERSION = YES;
				GCC_WARN_ABOUT_RETURN_TYPE = YES_ERROR;
				GCC_WARN_UNDECLARED_SELECTOR = YES;
				GCC_WARN_UNINITIALIZED_AUTOS = YES_AGGRESSIVE;
				GCC_WARN_UNUSED_FUNCTION = YES;
				GCC_WARN_UNUSED_VARIABLE = YES;
				IPHONEOS_DEPLOYMENT_TARGET = 15.5;
				MTL_ENABLE_DEBUG_INFO = NO;
				MTL_FAST_MATH = YES;
				SDKROOT = iphoneos;
				SWIFT_COMPILATION_MODE = wholemodule;
				SWIFT_OPTIMIZATION_LEVEL = "-O";
				VALIDATE_PRODUCT = YES;
			};
			name = Release;
		};
		B688C26328C8C2580037885B /* Debug */ = {
			isa = XCBuildConfiguration;
			buildSettings = {
				ASSETCATALOG_COMPILER_APPICON_NAME = AppIcon;
				ASSETCATALOG_COMPILER_GLOBAL_ACCENT_COLOR_NAME = AccentColor;
				CODE_SIGN_STYLE = Automatic;
				CURRENT_PROJECT_VERSION = 1;
				DEVELOPMENT_ASSET_PATHS = "\"MaPals/Preview Content\"";
				ENABLE_PREVIEWS = YES;
				GENERATE_INFOPLIST_FILE = YES;
				INFOPLIST_KEY_UIApplicationSceneManifest_Generation = YES;
				INFOPLIST_KEY_UIApplicationSupportsIndirectInputEvents = YES;
				INFOPLIST_KEY_UILaunchScreen_Generation = YES;
				INFOPLIST_KEY_UISupportedInterfaceOrientations_iPad = "UIInterfaceOrientationPortrait UIInterfaceOrientationPortraitUpsideDown UIInterfaceOrientationLandscapeLeft UIInterfaceOrientationLandscapeRight";
				INFOPLIST_KEY_UISupportedInterfaceOrientations_iPhone = "UIInterfaceOrientationPortrait UIInterfaceOrientationLandscapeLeft UIInterfaceOrientationLandscapeRight";
				LD_RUNPATH_SEARCH_PATHS = (
					"$(inherited)",
					"@executable_path/Frameworks",
				);
				MARKETING_VERSION = 1.0;
				PRODUCT_BUNDLE_IDENTIFIER = zachary.MaPals;
				PRODUCT_NAME = "$(TARGET_NAME)";
				SWIFT_EMIT_LOC_STRINGS = YES;
				SWIFT_VERSION = 5.0;
				TARGETED_DEVICE_FAMILY = "1,2";
			};
			name = Debug;
		};
		B688C26428C8C2580037885B /* Release */ = {
			isa = XCBuildConfiguration;
			buildSettings = {
				ASSETCATALOG_COMPILER_APPICON_NAME = AppIcon;
				ASSETCATALOG_COMPILER_GLOBAL_ACCENT_COLOR_NAME = AccentColor;
				CODE_SIGN_STYLE = Automatic;
				CURRENT_PROJECT_VERSION = 1;
				DEVELOPMENT_ASSET_PATHS = "\"MaPals/Preview Content\"";
				ENABLE_PREVIEWS = YES;
				GENERATE_INFOPLIST_FILE = YES;
				INFOPLIST_KEY_UIApplicationSceneManifest_Generation = YES;
				INFOPLIST_KEY_UIApplicationSupportsIndirectInputEvents = YES;
				INFOPLIST_KEY_UILaunchScreen_Generation = YES;
				INFOPLIST_KEY_UISupportedInterfaceOrientations_iPad = "UIInterfaceOrientationPortrait UIInterfaceOrientationPortraitUpsideDown UIInterfaceOrientationLandscapeLeft UIInterfaceOrientationLandscapeRight";
				INFOPLIST_KEY_UISupportedInterfaceOrientations_iPhone = "UIInterfaceOrientationPortrait UIInterfaceOrientationLandscapeLeft UIInterfaceOrientationLandscapeRight";
				LD_RUNPATH_SEARCH_PATHS = (
					"$(inherited)",
					"@executable_path/Frameworks",
				);
				MARKETING_VERSION = 1.0;
				PRODUCT_BUNDLE_IDENTIFIER = zachary.MaPals;
				PRODUCT_NAME = "$(TARGET_NAME)";
				SWIFT_EMIT_LOC_STRINGS = YES;
				SWIFT_VERSION = 5.0;
				TARGETED_DEVICE_FAMILY = "1,2";
			};
			name = Release;
		};
/* End XCBuildConfiguration section */

/* Begin XCConfigurationList section */
		B688C24F28C8C2560037885B /* Build configuration list for PBXProject "MaPals" */ = {
			isa = XCConfigurationList;
			buildConfigurations = (
				B688C26028C8C2580037885B /* Debug */,
				B688C26128C8C2580037885B /* Release */,
			);
			defaultConfigurationIsVisible = 0;
			defaultConfigurationName = Release;
		};
		B688C26228C8C2580037885B /* Build configuration list for PBXNativeTarget "MaPals" */ = {
			isa = XCConfigurationList;
			buildConfigurations = (
				B688C26328C8C2580037885B /* Debug */,
				B688C26428C8C2580037885B /* Release */,
			);
			defaultConfigurationIsVisible = 0;
			defaultConfigurationName = Release;
		};
/* End XCConfigurationList section */

/* Begin XCRemoteSwiftPackageReference section */
		B688C26528C8D3560037885B /* XCRemoteSwiftPackageReference "firebase-ios-sdk" */ = {
			isa = XCRemoteSwiftPackageReference;
			repositoryURL = "https://github.com/firebase/firebase-ios-sdk";
			requirement = {
				kind = upToNextMajorVersion;
				minimumVersion = 9.0.0;
			};
		};
/* End XCRemoteSwiftPackageReference section */

/* Begin XCSwiftPackageProductDependency section */
		B688C26628C8D3560037885B /* FirebaseAnalytics */ = {
			isa = XCSwiftPackageProductDependency;
			package = B688C26528C8D3560037885B /* XCRemoteSwiftPackageReference "firebase-ios-sdk" */;
			productName = FirebaseAnalytics;
		};
		B688C26828C8D3560037885B /* FirebaseAnalyticsOnDeviceConversion */ = {
			isa = XCSwiftPackageProductDependency;
			package = B688C26528C8D3560037885B /* XCRemoteSwiftPackageReference "firebase-ios-sdk" */;
			productName = FirebaseAnalyticsOnDeviceConversion;
		};
		B688C26A28C8D3560037885B /* FirebaseAnalyticsSwift */ = {
			isa = XCSwiftPackageProductDependency;
			package = B688C26528C8D3560037885B /* XCRemoteSwiftPackageReference "firebase-ios-sdk" */;
			productName = FirebaseAnalyticsSwift;
		};
		B688C26C28C8D3560037885B /* FirebaseAnalyticsWithoutAdIdSupport */ = {
			isa = XCSwiftPackageProductDependency;
			package = B688C26528C8D3560037885B /* XCRemoteSwiftPackageReference "firebase-ios-sdk" */;
			productName = FirebaseAnalyticsWithoutAdIdSupport;
		};
		B688C26E28C8D3560037885B /* FirebaseAppCheck */ = {
			isa = XCSwiftPackageProductDependency;
			package = B688C26528C8D3560037885B /* XCRemoteSwiftPackageReference "firebase-ios-sdk" */;
			productName = FirebaseAppCheck;
		};
		B688C27028C8D3560037885B /* FirebaseAppDistribution-Beta */ = {
			isa = XCSwiftPackageProductDependency;
			package = B688C26528C8D3560037885B /* XCRemoteSwiftPackageReference "firebase-ios-sdk" */;
			productName = "FirebaseAppDistribution-Beta";
		};
		B688C27228C8D3560037885B /* FirebaseAuth */ = {
			isa = XCSwiftPackageProductDependency;
			package = B688C26528C8D3560037885B /* XCRemoteSwiftPackageReference "firebase-ios-sdk" */;
			productName = FirebaseAuth;
		};
		B688C27428C8D3560037885B /* FirebaseAuthCombine-Community */ = {
			isa = XCSwiftPackageProductDependency;
			package = B688C26528C8D3560037885B /* XCRemoteSwiftPackageReference "firebase-ios-sdk" */;
			productName = "FirebaseAuthCombine-Community";
		};
		B688C27628C8D3560037885B /* FirebaseCrashlytics */ = {
			isa = XCSwiftPackageProductDependency;
			package = B688C26528C8D3560037885B /* XCRemoteSwiftPackageReference "firebase-ios-sdk" */;
			productName = FirebaseCrashlytics;
		};
		B688C27828C8D3560037885B /* FirebaseDatabase */ = {
			isa = XCSwiftPackageProductDependency;
			package = B688C26528C8D3560037885B /* XCRemoteSwiftPackageReference "firebase-ios-sdk" */;
			productName = FirebaseDatabase;
		};
		B688C27A28C8D3560037885B /* FirebaseDatabaseSwift */ = {
			isa = XCSwiftPackageProductDependency;
			package = B688C26528C8D3560037885B /* XCRemoteSwiftPackageReference "firebase-ios-sdk" */;
			productName = FirebaseDatabaseSwift;
		};
		B688C27C28C8D3560037885B /* FirebaseDynamicLinks */ = {
			isa = XCSwiftPackageProductDependency;
			package = B688C26528C8D3560037885B /* XCRemoteSwiftPackageReference "firebase-ios-sdk" */;
			productName = FirebaseDynamicLinks;
		};
		B688C27E28C8D3560037885B /* FirebaseFirestore */ = {
			isa = XCSwiftPackageProductDependency;
			package = B688C26528C8D3560037885B /* XCRemoteSwiftPackageReference "firebase-ios-sdk" */;
			productName = FirebaseFirestore;
		};
		B688C28028C8D3560037885B /* FirebaseFirestoreCombine-Community */ = {
			isa = XCSwiftPackageProductDependency;
			package = B688C26528C8D3560037885B /* XCRemoteSwiftPackageReference "firebase-ios-sdk" */;
			productName = "FirebaseFirestoreCombine-Community";
		};
		B688C28228C8D3560037885B /* FirebaseFirestoreSwift */ = {
			isa = XCSwiftPackageProductDependency;
			package = B688C26528C8D3560037885B /* XCRemoteSwiftPackageReference "firebase-ios-sdk" */;
			productName = FirebaseFirestoreSwift;
		};
		B688C28428C8D3560037885B /* FirebaseFunctions */ = {
			isa = XCSwiftPackageProductDependency;
			package = B688C26528C8D3560037885B /* XCRemoteSwiftPackageReference "firebase-ios-sdk" */;
			productName = FirebaseFunctions;
		};
		B688C28628C8D3560037885B /* FirebaseFunctionsCombine-Community */ = {
			isa = XCSwiftPackageProductDependency;
			package = B688C26528C8D3560037885B /* XCRemoteSwiftPackageReference "firebase-ios-sdk" */;
			productName = "FirebaseFunctionsCombine-Community";
		};
		B688C28828C8D3560037885B /* FirebaseInAppMessaging-Beta */ = {
			isa = XCSwiftPackageProductDependency;
			package = B688C26528C8D3560037885B /* XCRemoteSwiftPackageReference "firebase-ios-sdk" */;
			productName = "FirebaseInAppMessaging-Beta";
		};
		B688C28A28C8D3560037885B /* FirebaseInAppMessagingSwift-Beta */ = {
			isa = XCSwiftPackageProductDependency;
			package = B688C26528C8D3560037885B /* XCRemoteSwiftPackageReference "firebase-ios-sdk" */;
			productName = "FirebaseInAppMessagingSwift-Beta";
		};
		B688C28C28C8D3560037885B /* FirebaseInstallations */ = {
			isa = XCSwiftPackageProductDependency;
			package = B688C26528C8D3560037885B /* XCRemoteSwiftPackageReference "firebase-ios-sdk" */;
			productName = FirebaseInstallations;
		};
		B688C28E28C8D3560037885B /* FirebaseMLModelDownloader */ = {
			isa = XCSwiftPackageProductDependency;
			package = B688C26528C8D3560037885B /* XCRemoteSwiftPackageReference "firebase-ios-sdk" */;
			productName = FirebaseMLModelDownloader;
		};
		B688C29028C8D3560037885B /* FirebaseMessaging */ = {
			isa = XCSwiftPackageProductDependency;
			package = B688C26528C8D3560037885B /* XCRemoteSwiftPackageReference "firebase-ios-sdk" */;
			productName = FirebaseMessaging;
		};
		B688C29228C8D3560037885B /* FirebasePerformance */ = {
			isa = XCSwiftPackageProductDependency;
			package = B688C26528C8D3560037885B /* XCRemoteSwiftPackageReference "firebase-ios-sdk" */;
			productName = FirebasePerformance;
		};
		B688C29428C8D3560037885B /* FirebaseRemoteConfig */ = {
			isa = XCSwiftPackageProductDependency;
			package = B688C26528C8D3560037885B /* XCRemoteSwiftPackageReference "firebase-ios-sdk" */;
			productName = FirebaseRemoteConfig;
		};
		B688C29628C8D3560037885B /* FirebaseRemoteConfigSwift */ = {
			isa = XCSwiftPackageProductDependency;
			package = B688C26528C8D3560037885B /* XCRemoteSwiftPackageReference "firebase-ios-sdk" */;
			productName = FirebaseRemoteConfigSwift;
		};
		B688C29828C8D3560037885B /* FirebaseStorage */ = {
			isa = XCSwiftPackageProductDependency;
			package = B688C26528C8D3560037885B /* XCRemoteSwiftPackageReference "firebase-ios-sdk" */;
			productName = FirebaseStorage;
		};
		B688C29A28C8D3560037885B /* FirebaseStorageCombine-Community */ = {
			isa = XCSwiftPackageProductDependency;
			package = B688C26528C8D3560037885B /* XCRemoteSwiftPackageReference "firebase-ios-sdk" */;
			productName = "FirebaseStorageCombine-Community";
		};
/* End XCSwiftPackageProductDependency section */
	};
	rootObject = B688C24C28C8C2560037885B /* Project object */;
}
